
Microsoft Visual Studio Solution File, Format Version 12.00
Project("{2150E333-8FDC-42A3-9474-1A3956D46DE8}") = "ATM.Application", "ATM.Application", "{8D896BFC-2679-44E7-A779-AE8D93537C39}"
EndProject
Project("{FAE04EC0-301F-11D3-BF4B-00C04F79EFBC}") = "Abstractions", "Abstractions\Abstractions.csproj", "{693B8FE1-016E-4BBA-A311-F4805925FB02}"
EndProject
Project("{FAE04EC0-301F-11D3-BF4B-00C04F79EFBC}") = "Applications", "Applications\Applications.csproj", "{28DF7E0B-6848-4135-BE46-F4BCB2232E39}"
EndProject
Project("{FAE04EC0-301F-11D3-BF4B-00C04F79EFBC}") = "Contractions", "Contractions\Contractions.csproj", "{2E2579BD-3B43-40F0-A36A-05C94BD0C2E7}"
EndProject
Project("{2150E333-8FDC-42A3-9474-1A3956D46DE8}") = "ATM.Core", "ATM.Core", "{FD486A6F-7CCB-4B53-AFB8-282D13ED70E4}"
EndProject
Project("{FAE04EC0-301F-11D3-BF4B-00C04F79EFBC}") = "Core", "Core\Core.csproj", "{6AB44D3C-7E7F-4A18-AEEE-40CE1175CDBC}"
EndProject
Project("{2150E333-8FDC-42A3-9474-1A3956D46DE8}") = "ATM.Infrastructure", "ATM.Infrastructure", "{B6780A39-8829-4702-BABA-67363A100CB4}"
EndProject
Project("{FAE04EC0-301F-11D3-BF4B-00C04F79EFBC}") = "Repositories", "Repositories\Repositories.csproj", "{5B64DC94-6A8B-4039-88C7-7A382C216BBF}"
EndProject
Project("{2150E333-8FDC-42A3-9474-1A3956D46DE8}") = "ATM.Presentation", "ATM.Presentation", "{25E1200E-4430-468B-B8AC-31E39B427992}"
EndProject
Project("{FAE04EC0-301F-11D3-BF4B-00C04F79EFBC}") = "Http", "Http\Http.csproj", "{BED4C812-4D63-414A-A533-029188E94A53}"
EndProject
Project("{FAE04EC0-301F-11D3-BF4B-00C04F79EFBC}") = "ATM", "ATM\ATM.csproj", "{03B705C6-7CBD-4D51-8943-932A565326F4}"
EndProject
Global
	GlobalSection(SolutionConfigurationPlatforms) = preSolution
		Debug|Any CPU = Debug|Any CPU
		Release|Any CPU = Release|Any CPU
	EndGlobalSection
	GlobalSection(NestedProjects) = preSolution
		{693B8FE1-016E-4BBA-A311-F4805925FB02} = {8D896BFC-2679-44E7-A779-AE8D93537C39}
		{28DF7E0B-6848-4135-BE46-F4BCB2232E39} = {8D896BFC-2679-44E7-A779-AE8D93537C39}
		{2E2579BD-3B43-40F0-A36A-05C94BD0C2E7} = {8D896BFC-2679-44E7-A779-AE8D93537C39}
		{6AB44D3C-7E7F-4A18-AEEE-40CE1175CDBC} = {FD486A6F-7CCB-4B53-AFB8-282D13ED70E4}
		{5B64DC94-6A8B-4039-88C7-7A382C216BBF} = {B6780A39-8829-4702-BABA-67363A100CB4}
		{BED4C812-4D63-414A-A533-029188E94A53} = {25E1200E-4430-468B-B8AC-31E39B427992}
	EndGlobalSection
	GlobalSection(ProjectConfigurationPlatforms) = postSolution
		{693B8FE1-016E-4BBA-A311-F4805925FB02}.Debug|Any CPU.ActiveCfg = Debug|Any CPU
		{693B8FE1-016E-4BBA-A311-F4805925FB02}.Debug|Any CPU.Build.0 = Debug|Any CPU
		{693B8FE1-016E-4BBA-A311-F4805925FB02}.Release|Any CPU.ActiveCfg = Release|Any CPU
		{693B8FE1-016E-4BBA-A311-F4805925FB02}.Release|Any CPU.Build.0 = Release|Any CPU
		{28DF7E0B-6848-4135-BE46-F4BCB2232E39}.Debug|Any CPU.ActiveCfg = Debug|Any CPU
		{28DF7E0B-6848-4135-BE46-F4BCB2232E39}.Debug|Any CPU.Build.0 = Debug|Any CPU
		{28DF7E0B-6848-4135-BE46-F4BCB2232E39}.Release|Any CPU.ActiveCfg = Release|Any CPU
		{28DF7E0B-6848-4135-BE46-F4BCB2232E39}.Release|Any CPU.Build.0 = Release|Any CPU
		{2E2579BD-3B43-40F0-A36A-05C94BD0C2E7}.Debug|Any CPU.ActiveCfg = Debug|Any CPU
		{2E2579BD-3B43-40F0-A36A-05C94BD0C2E7}.Debug|Any CPU.Build.0 = Debug|Any CPU
		{2E2579BD-3B43-40F0-A36A-05C94BD0C2E7}.Release|Any CPU.ActiveCfg = Release|Any CPU
		{2E2579BD-3B43-40F0-A36A-05C94BD0C2E7}.Release|Any CPU.Build.0 = Release|Any CPU
		{6AB44D3C-7E7F-4A18-AEEE-40CE1175CDBC}.Debug|Any CPU.ActiveCfg = Debug|Any CPU
		{6AB44D3C-7E7F-4A18-AEEE-40CE1175CDBC}.Debug|Any CPU.Build.0 = Debug|Any CPU
		{6AB44D3C-7E7F-4A18-AEEE-40CE1175CDBC}.Release|Any CPU.ActiveCfg = Release|Any CPU
		{6AB44D3C-7E7F-4A18-AEEE-40CE1175CDBC}.Release|Any CPU.Build.0 = Release|Any CPU
		{5B64DC94-6A8B-4039-88C7-7A382C216BBF}.Debug|Any CPU.ActiveCfg = Debug|Any CPU
		{5B64DC94-6A8B-4039-88C7-7A382C216BBF}.Debug|Any CPU.Build.0 = Debug|Any CPU
		{5B64DC94-6A8B-4039-88C7-7A382C216BBF}.Release|Any CPU.ActiveCfg = Release|Any CPU
		{5B64DC94-6A8B-4039-88C7-7A382C216BBF}.Release|Any CPU.Build.0 = Release|Any CPU
		{BED4C812-4D63-414A-A533-029188E94A53}.Debug|Any CPU.ActiveCfg = Debug|Any CPU
		{BED4C812-4D63-414A-A533-029188E94A53}.Debug|Any CPU.Build.0 = Debug|Any CPU
		{BED4C812-4D63-414A-A533-029188E94A53}.Release|Any CPU.ActiveCfg = Release|Any CPU
		{BED4C812-4D63-414A-A533-029188E94A53}.Release|Any CPU.Build.0 = Release|Any CPU
		{03B705C6-7CBD-4D51-8943-932A565326F4}.Debug|Any CPU.ActiveCfg = Debug|Any CPU
		{03B705C6-7CBD-4D51-8943-932A565326F4}.Debug|Any CPU.Build.0 = Debug|Any CPU
		{03B705C6-7CBD-4D51-8943-932A565326F4}.Release|Any CPU.ActiveCfg = Release|Any CPU
		{03B705C6-7CBD-4D51-8943-932A565326F4}.Release|Any CPU.Build.0 = Release|Any CPU
	EndGlobalSection
EndGlobal
